
Microsoft Visual Studio Solution File, Format Version 12.00
# Visual Studio Version 16
VisualStudioVersion = 16.0.32228.343
MinimumVisualStudioVersion = 10.0.40219.1
Project("{FAE04EC0-301F-11D3-BF4B-00C04F79EFBC}") = "exam", "exam\exam.csproj", "{547EF0DD-BA17-4F64-A6D4-9C5B1B456447}"
EndProject
Project("{FAE04EC0-301F-11D3-BF4B-00C04F79EFBC}") = "ClassLibrary1", "ClassLibrary1\ClassLibrary1.csproj", "{C56D3B08-F26C-4BBA-B43E-995CD009113B}"
EndProject
Global
	GlobalSection(SolutionConfigurationPlatforms) = preSolution
		Debug|Any CPU = Debug|Any CPU
		Release|Any CPU = Release|Any CPU
	EndGlobalSection
	GlobalSection(ProjectConfigurationPlatforms) = postSolution
		{547EF0DD-BA17-4F64-A6D4-9C5B1B456447}.Debug|Any CPU.ActiveCfg = Debug|Any CPU
		{547EF0DD-BA17-4F64-A6D4-9C5B1B456447}.Debug|Any CPU.Build.0 = Debug|Any CPU
		{547EF0DD-BA17-4F64-A6D4-9C5B1B456447}.Release|Any CPU.ActiveCfg = Release|Any CPU
		{547EF0DD-BA17-4F64-A6D4-9C5B1B456447}.Release|Any CPU.Build.0 = Release|Any CPU
		{C56D3B08-F26C-4BBA-B43E-995CD009113B}.Debug|Any CPU.ActiveCfg = Debug|Any CPU
		{C56D3B08-F26C-4BBA-B43E-995CD009113B}.Debug|Any CPU.Build.0 = Debug|Any CPU
		{C56D3B08-F26C-4BBA-B43E-995CD009113B}.Release|Any CPU.ActiveCfg = Release|Any CPU
		{C56D3B08-F26C-4BBA-B43E-995CD009113B}.Release|Any CPU.Build.0 = Release|Any CPU
	EndGlobalSection
	GlobalSection(SolutionProperties) = preSolution
		HideSolutionNode = FALSE
	EndGlobalSection
	GlobalSection(ExtensibilityGlobals) = postSolution
		SolutionGuid = {59265745-DDDB-4703-A7F3-08EF934E1C87}
	EndGlobalSection
EndGlobal
